// !$*UTF8*$!
{
	archiveVersion = 1;
	classes = {
	};
	objectVersion = 46;
	objects = {

/* Begin PBXBuildFile section */
		5E19B2991772A919005F7B6E /* 001.jpg in Resources */ = {isa = PBXBuildFile; fileRef = 5E19B2921772A919005F7B6E /* 001.jpg */; };
		5E19B29A1772A919005F7B6E /* 002.jpg in Resources */ = {isa = PBXBuildFile; fileRef = 5E19B2931772A919005F7B6E /* 002.jpg */; };
		5E19B29B1772A919005F7B6E /* 003.jpg in Resources */ = {isa = PBXBuildFile; fileRef = 5E19B2941772A919005F7B6E /* 003.jpg */; };
		5E19B29C1772A919005F7B6E /* 004.jpg in Resources */ = {isa = PBXBuildFile; fileRef = 5E19B2951772A919005F7B6E /* 004.jpg */; };
		5E19B29D1772A919005F7B6E /* 006.jpg in Resources */ = {isa = PBXBuildFile; fileRef = 5E19B2961772A919005F7B6E /* 006.jpg */; };
		5E19B29F1772A919005F7B6E /* 007.jpg in Resources */ = {isa = PBXBuildFile; fileRef = 5E19B2981772A919005F7B6E /* 007.jpg */; };
		5E19B2F01772F124005F7B6E /* 005.jpg in Resources */ = {isa = PBXBuildFile; fileRef = 5E19B2EF1772F124005F7B6E /* 005.jpg */; };
		5E8A5A5F1771348F0053C707 /* UIKit.framework in Frameworks */ = {isa = PBXBuildFile; fileRef = 5E8A5A5E1771348F0053C707 /* UIKit.framework */; };
		5E8A5A611771348F0053C707 /* Foundation.framework in Frameworks */ = {isa = PBXBuildFile; fileRef = 5E8A5A601771348F0053C707 /* Foundation.framework */; };
		5E8A5A631771348F0053C707 /* CoreGraphics.framework in Frameworks */ = {isa = PBXBuildFile; fileRef = 5E8A5A621771348F0053C707 /* CoreGraphics.framework */; };
		5E8A5A691771348F0053C707 /* InfoPlist.strings in Resources */ = {isa = PBXBuildFile; fileRef = 5E8A5A671771348F0053C707 /* InfoPlist.strings */; };
		5E8A5A6B1771348F0053C707 /* main.m in Sources */ = {isa = PBXBuildFile; fileRef = 5E8A5A6A1771348F0053C707 /* main.m */; };
		5E8A5A6F1771348F0053C707 /* AppDelegate.m in Sources */ = {isa = PBXBuildFile; fileRef = 5E8A5A6E1771348F0053C707 /* AppDelegate.m */; };
		5E8A5A711771348F0053C707 /* Default.png in Resources */ = {isa = PBXBuildFile; fileRef = 5E8A5A701771348F0053C707 /* Default.png */; };
		5E8A5A731771348F0053C707 /* Default@2x.png in Resources */ = {isa = PBXBuildFile; fileRef = 5E8A5A721771348F0053C707 /* Default@2x.png */; };
		5E8A5A751771348F0053C707 /* Default-568h@2x.png in Resources */ = {isa = PBXBuildFile; fileRef = 5E8A5A741771348F0053C707 /* Default-568h@2x.png */; };
		5E8A5A781771348F0053C707 /* ViewController.m in Sources */ = {isa = PBXBuildFile; fileRef = 5E8A5A771771348F0053C707 /* ViewController.m */; };
		5E8A5A7B1771348F0053C707 /* ViewController.xib in Resources */ = {isa = PBXBuildFile; fileRef = 5E8A5A791771348F0053C707 /* ViewController.xib */; };
		5E8A5A8317713D410053C707 /* FirstViewController.m in Sources */ = {isa = PBXBuildFile; fileRef = 5E8A5A8217713D410053C707 /* FirstViewController.m */; };
		5E8A5A8617717B350053C707 /* BaseViewController.m in Sources */ = {isa = PBXBuildFile; fileRef = 5E8A5A8517717B350053C707 /* BaseViewController.m */; };
		5E8A5A8917717DEB0053C707 /* ImageViewController.m in Sources */ = {isa = PBXBuildFile; fileRef = 5E8A5A8817717DEB0053C707 /* ImageViewController.m */; };
		5E8A5A8B177183CB0053C707 /* 008.jpg in Resources */ = {isa = PBXBuildFile; fileRef = 5E8A5A8A177183CA0053C707 /* 008.jpg */; };
		6BA4A8A417742EA6007BFAED /* SaveAndLoadImage.m in Sources */ = {isa = PBXBuildFile; fileRef = 6BA4A8A317742EA6007BFAED /* SaveAndLoadImage.m */; };
/* End PBXBuildFile section */

/* Begin PBXFileReference section */
		5E19B2921772A919005F7B6E /* 001.jpg */ = {isa = PBXFileReference; lastKnownFileType = image.jpeg; name = 001.jpg; path = ../001.jpg; sourceTree = "<group>"; };
		5E19B2931772A919005F7B6E /* 002.jpg */ = {isa = PBXFileReference; lastKnownFileType = image.jpeg; name = 002.jpg; path = ../002.jpg; sourceTree = "<group>"; };
		5E19B2941772A919005F7B6E /* 003.jpg */ = {isa = PBXFileReference; lastKnownFileType = image.jpeg; name = 003.jpg; path = ../003.jpg; sourceTree = "<group>"; };
		5E19B2951772A919005F7B6E /* 004.jpg */ = {isa = PBXFileReference; lastKnownFileType = image.jpeg; name = 004.jpg; path = ../004.jpg; sourceTree = "<group>"; };
		5E19B2961772A919005F7B6E /* 006.jpg */ = {isa = PBXFileReference; lastKnownFileType = image.jpeg; name = 006.jpg; path = ../006.jpg; sourceTree = "<group>"; };
		5E19B2981772A919005F7B6E /* 007.jpg */ = {isa = PBXFileReference; lastKnownFileType = image.jpeg; name = 007.jpg; path = ../007.jpg; sourceTree = "<group>"; };
		5E19B2EF1772F124005F7B6E /* 005.jpg */ = {isa = PBXFileReference; lastKnownFileType = image.jpeg; name = 005.jpg; path = ../005.jpg; sourceTree = "<group>"; };
		5E8A5A5A1771348F0053C707 /* exercise201130619.app */ = {isa = PBXFileReference; explicitFileType = wrapper.application; includeInIndex = 0; path = exercise201130619.app; sourceTree = BUILT_PRODUCTS_DIR; };
		5E8A5A5E1771348F0053C707 /* UIKit.framework */ = {isa = PBXFileReference; lastKnownFileType = wrapper.framework; name = UIKit.framework; path = System/Library/Frameworks/UIKit.framework; sourceTree = SDKROOT; };
		5E8A5A601771348F0053C707 /* Foundation.framework */ = {isa = PBXFileReference; lastKnownFileType = wrapper.framework; name = Foundation.framework; path = System/Library/Frameworks/Foundation.framework; sourceTree = SDKROOT; };
		5E8A5A621771348F0053C707 /* CoreGraphics.framework */ = {isa = PBXFileReference; lastKnownFileType = wrapper.framework; name = CoreGraphics.framework; path = System/Library/Frameworks/CoreGraphics.framework; sourceTree = SDKROOT; };
		5E8A5A661771348F0053C707 /* exercise201130619-Info.plist */ = {isa = PBXFileReference; lastKnownFileType = text.plist.xml; path = "exercise201130619-Info.plist"; sourceTree = "<group>"; };
		5E8A5A681771348F0053C707 /* en */ = {isa = PBXFileReference; lastKnownFileType = text.plist.strings; name = en; path = en.lproj/InfoPlist.strings; sourceTree = "<group>"; };
		5E8A5A6A1771348F0053C707 /* main.m */ = {isa = PBXFileReference; lastKnownFileType = sourcecode.c.objc; path = main.m; sourceTree = "<group>"; };
		5E8A5A6C1771348F0053C707 /* exercise201130619-Prefix.pch */ = {isa = PBXFileReference; lastKnownFileType = sourcecode.c.h; path = "exercise201130619-Prefix.pch"; sourceTree = "<group>"; };
		5E8A5A6D1771348F0053C707 /* AppDelegate.h */ = {isa = PBXFileReference; lastKnownFileType = sourcecode.c.h; path = AppDelegate.h; sourceTree = "<group>"; };
		5E8A5A6E1771348F0053C707 /* AppDelegate.m */ = {isa = PBXFileReference; lastKnownFileType = sourcecode.c.objc; path = AppDelegate.m; sourceTree = "<group>"; };
		5E8A5A701771348F0053C707 /* Default.png */ = {isa = PBXFileReference; lastKnownFileType = image.png; path = Default.png; sourceTree = "<group>"; };
		5E8A5A721771348F0053C707 /* Default@2x.png */ = {isa = PBXFileReference; lastKnownFileType = image.png; path = "Default@2x.png"; sourceTree = "<group>"; };
		5E8A5A741771348F0053C707 /* Default-568h@2x.png */ = {isa = PBXFileReference; lastKnownFileType = image.png; path = "Default-568h@2x.png"; sourceTree = "<group>"; };
		5E8A5A761771348F0053C707 /* ViewController.h */ = {isa = PBXFileReference; lastKnownFileType = sourcecode.c.h; path = ViewController.h; sourceTree = "<group>"; };
		5E8A5A771771348F0053C707 /* ViewController.m */ = {isa = PBXFileReference; lastKnownFileType = sourcecode.c.objc; path = ViewController.m; sourceTree = "<group>"; };
		5E8A5A7A1771348F0053C707 /* en */ = {isa = PBXFileReference; lastKnownFileType = file.xib; name = en; path = en.lproj/ViewController.xib; sourceTree = "<group>"; };
		5E8A5A8117713D410053C707 /* FirstViewController.h */ = {isa = PBXFileReference; fileEncoding = 4; lastKnownFileType = sourcecode.c.h; name = FirstViewController.h; path = ../FirstViewController.h; sourceTree = "<group>"; };
		5E8A5A8217713D410053C707 /* FirstViewController.m */ = {isa = PBXFileReference; fileEncoding = 4; lastKnownFileType = sourcecode.c.objc; name = FirstViewController.m; path = ../FirstViewController.m; sourceTree = "<group>"; };
		5E8A5A8417717B350053C707 /* BaseViewController.h */ = {isa = PBXFileReference; fileEncoding = 4; lastKnownFileType = sourcecode.c.h; name = BaseViewController.h; path = ../BaseViewController.h; sourceTree = "<group>"; };
		5E8A5A8517717B350053C707 /* BaseViewController.m */ = {isa = PBXFileReference; fileEncoding = 4; lastKnownFileType = sourcecode.c.objc; name = BaseViewController.m; path = ../BaseViewController.m; sourceTree = "<group>"; };
		5E8A5A8717717DEB0053C707 /* ImageViewController.h */ = {isa = PBXFileReference; fileEncoding = 4; lastKnownFileType = sourcecode.c.h; name = ImageViewController.h; path = ../ImageViewController.h; sourceTree = "<group>"; };
		5E8A5A8817717DEB0053C707 /* ImageViewController.m */ = {isa = PBXFileReference; fileEncoding = 4; lastKnownFileType = sourcecode.c.objc; name = ImageViewController.m; path = ../ImageViewController.m; sourceTree = "<group>"; };
		5E8A5A8A177183CA0053C707 /* 008.jpg */ = {isa = PBXFileReference; lastKnownFileType = image.jpeg; name = 008.jpg; path = ../008.jpg; sourceTree = "<group>"; };
		6BA4A8A217742EA6007BFAED /* SaveAndLoadImage.h */ = {isa = PBXFileReference; fileEncoding = 4; lastKnownFileType = sourcecode.c.h; name = SaveAndLoadImage.h; path = ../SaveAndLoadImage.h; sourceTree = "<group>"; };
		6BA4A8A317742EA6007BFAED /* SaveAndLoadImage.m */ = {isa = PBXFileReference; fileEncoding = 4; lastKnownFileType = sourcecode.c.objc; name = SaveAndLoadImage.m; path = ../SaveAndLoadImage.m; sourceTree = "<group>"; };
/* End PBXFileReference section */

/* Begin PBXFrameworksBuildPhase section */
		5E8A5A571771348F0053C707 /* Frameworks */ = {
			isa = PBXFrameworksBuildPhase;
			buildActionMask = 2147483647;
			files = (
				5E8A5A5F1771348F0053C707 /* UIKit.framework in Frameworks */,
				5E8A5A611771348F0053C707 /* Foundation.framework in Frameworks */,
				5E8A5A631771348F0053C707 /* CoreGraphics.framework in Frameworks */,
			);
			runOnlyForDeploymentPostprocessing = 0;
		};
/* End PBXFrameworksBuildPhase section */

/* Begin PBXGroup section */
		5E8A5A4F1771348F0053C707 = {
			isa = PBXGroup;
			children = (
				5E8A5A641771348F0053C707 /* exercise201130619 */,
				5E8A5A5D1771348F0053C707 /* Frameworks */,
				5E8A5A5B1771348F0053C707 /* Products */,
			);
			sourceTree = "<group>";
		};
		5E8A5A5B1771348F0053C707 /* Products */ = {
			isa = PBXGroup;
			children = (
				5E8A5A5A1771348F0053C707 /* exercise201130619.app */,
			);
			name = Products;
			sourceTree = "<group>";
		};
		5E8A5A5D1771348F0053C707 /* Frameworks */ = {
			isa = PBXGroup;
			children = (
				5E8A5A5E1771348F0053C707 /* UIKit.framework */,
				5E8A5A601771348F0053C707 /* Foundation.framework */,
				5E8A5A621771348F0053C707 /* CoreGraphics.framework */,
			);
			name = Frameworks;
			sourceTree = "<group>";
		};
		5E8A5A641771348F0053C707 /* exercise201130619 */ = {
			isa = PBXGroup;
			children = (
				5E19B2921772A919005F7B6E /* 001.jpg */,
				5E19B2931772A919005F7B6E /* 002.jpg */,
				5E19B2941772A919005F7B6E /* 003.jpg */,
				5E19B2951772A919005F7B6E /* 004.jpg */,
				5E19B2961772A919005F7B6E /* 006.jpg */,
				5E19B2EF1772F124005F7B6E /* 005.jpg */,
				5E19B2981772A919005F7B6E /* 007.jpg */,
				5E8A5A8A177183CA0053C707 /* 008.jpg */,
				5E8A5A6D1771348F0053C707 /* AppDelegate.h */,
				5E8A5A6E1771348F0053C707 /* AppDelegate.m */,
				6BA4A8A217742EA6007BFAED /* SaveAndLoadImage.h */,
				6BA4A8A317742EA6007BFAED /* SaveAndLoadImage.m */,
				5E8A5A8117713D410053C707 /* FirstViewController.h */,
				5E8A5A8217713D410053C707 /* FirstViewController.m */,
				5E8A5A8417717B350053C707 /* BaseViewController.h */,
				5E8A5A8517717B350053C707 /* BaseViewController.m */,
				5E8A5A8717717DEB0053C707 /* ImageViewController.h */,
				5E8A5A8817717DEB0053C707 /* ImageViewController.m */,
				5E8A5A761771348F0053C707 /* ViewController.h */,
				5E8A5A771771348F0053C707 /* ViewController.m */,
				5E8A5A791771348F0053C707 /* ViewController.xib */,
				5E8A5A651771348F0053C707 /* Supporting Files */,
			);
			path = exercise201130619;
			sourceTree = "<group>";
		};
		5E8A5A651771348F0053C707 /* Supporting Files */ = {
			isa = PBXGroup;
			children = (
				5E8A5A661771348F0053C707 /* exercise201130619-Info.plist */,
				5E8A5A671771348F0053C707 /* InfoPlist.strings */,
				5E8A5A6A1771348F0053C707 /* main.m */,
				5E8A5A6C1771348F0053C707 /* exercise201130619-Prefix.pch */,
				5E8A5A701771348F0053C707 /* Default.png */,
				5E8A5A721771348F0053C707 /* Default@2x.png */,
				5E8A5A741771348F0053C707 /* Default-568h@2x.png */,
			);
			name = "Supporting Files";
			sourceTree = "<group>";
		};
/* End PBXGroup section */

/* Begin PBXNativeTarget section */
		5E8A5A591771348F0053C707 /* exercise201130619 */ = {
			isa = PBXNativeTarget;
			buildConfigurationList = 5E8A5A7E1771348F0053C707 /* Build configuration list for PBXNativeTarget "exercise201130619" */;
			buildPhases = (
				5E8A5A561771348F0053C707 /* Sources */,
				5E8A5A571771348F0053C707 /* Frameworks */,
				5E8A5A581771348F0053C707 /* Resources */,
			);
			buildRules = (
			);
			dependencies = (
			);
			name = exercise201130619;
			productName = exercise201130619;
			productReference = 5E8A5A5A1771348F0053C707 /* exercise201130619.app */;
			productType = "com.apple.product-type.application";
		};
/* End PBXNativeTarget section */

/* Begin PBXProject section */
		5E8A5A511771348F0053C707 /* Project object */ = {
			isa = PBXProject;
			attributes = {
				LastUpgradeCheck = 0450;
				ORGANIZATIONNAME = "赵云";
			};
			buildConfigurationList = 5E8A5A541771348F0053C707 /* Build configuration list for PBXProject "exercise201130619" */;
			compatibilityVersion = "Xcode 3.2";
			developmentRegion = English;
			hasScannedForEncodings = 0;
			knownRegions = (
				en,
			);
			mainGroup = 5E8A5A4F1771348F0053C707;
			productRefGroup = 5E8A5A5B1771348F0053C707 /* Products */;
			projectDirPath = "";
			projectRoot = "";
			targets = (
				5E8A5A591771348F0053C707 /* exercise201130619 */,
			);
		};
/* End PBXProject section */

/* Begin PBXResourcesBuildPhase section */
		5E8A5A581771348F0053C707 /* Resources */ = {
			isa = PBXResourcesBuildPhase;
			buildActionMask = 2147483647;
			files = (
				5E8A5A691771348F0053C707 /* InfoPlist.strings in Resources */,
				5E8A5A711771348F0053C707 /* Default.png in Resources */,
				5E8A5A731771348F0053C707 /* Default@2x.png in Resources */,
				5E8A5A751771348F0053C707 /* Default-568h@2x.png in Resources */,
				5E8A5A7B1771348F0053C707 /* ViewController.xib in Resources */,
				5E8A5A8B177183CB0053C707 /* 008.jpg in Resources */,
				5E19B2991772A919005F7B6E /* 001.jpg in Resources */,
				5E19B29A1772A919005F7B6E /* 002.jpg in Resources */,
				5E19B29B1772A919005F7B6E /* 003.jpg in Resources */,
				5E19B29C1772A919005F7B6E /* 004.jpg in Resources */,
				5E19B29D1772A919005F7B6E /* 006.jpg in Resources */,
				5E19B29F1772A919005F7B6E /* 007.jpg in Resources */,
				5E19B2F01772F124005F7B6E /* 005.jpg in Resources */,
			);
			runOnlyForDeploymentPostprocessing = 0;
		};
/* End PBXResourcesBuildPhase section */

/* Begin PBXSourcesBuildPhase section */
		5E8A5A561771348F0053C707 /* Sources */ = {
			isa = PBXSourcesBuildPhase;
			buildActionMask = 2147483647;
			files = (
				5E8A5A6B1771348F0053C707 /* main.m in Sources */,
				5E8A5A6F1771348F0053C707 /* AppDelegate.m in Sources */,
				5E8A5A781771348F0053C707 /* ViewController.m in Sources */,
				5E8A5A8317713D410053C707 /* FirstViewController.m in Sources */,
				5E8A5A8617717B350053C707 /* BaseViewController.m in Sources */,
				5E8A5A8917717DEB0053C707 /* ImageViewController.m in Sources */,
				6BA4A8A417742EA6007BFAED /* SaveAndLoadImage.m in Sources */,
			);
			runOnlyForDeploymentPostprocessing = 0;
		};
/* End PBXSourcesBuildPhase section */

/* Begin PBXVariantGroup section */
		5E8A5A671771348F0053C707 /* InfoPlist.strings */ = {
			isa = PBXVariantGroup;
			children = (
				5E8A5A681771348F0053C707 /* en */,
			);
			name = InfoPlist.strings;
			sourceTree = "<group>";
		};
		5E8A5A791771348F0053C707 /* ViewController.xib */ = {
			isa = PBXVariantGroup;
			children = (
				5E8A5A7A1771348F0053C707 /* en */,
			);
			name = ViewController.xib;
			sourceTree = "<group>";
		};
/* End PBXVariantGroup section */

/* Begin XCBuildConfiguration section */
		5E8A5A7C1771348F0053C707 /* Debug */ = {
			isa = XCBuildConfiguration;
			buildSettings = {
				ALWAYS_SEARCH_USER_PATHS = NO;
				CLANG_CXX_LANGUAGE_STANDARD = "gnu++0x";
				CLANG_CXX_LIBRARY = "libc++";
				CLANG_WARN_EMPTY_BODY = YES;
				CLANG_WARN__DUPLICATE_METHOD_MATCH = YES;
				"CODE_SIGN_IDENTITY[sdk=iphoneos*]" = "iPhone Developer";
				COPY_PHASE_STRIP = NO;
				GCC_C_LANGUAGE_STANDARD = gnu99;
				GCC_DYNAMIC_NO_PIC = NO;
				GCC_OPTIMIZATION_LEVEL = 0;
				GCC_PREPROCESSOR_DEFINITIONS = (
					"DEBUG=1",
					"$(inherited)",
				);
				GCC_SYMBOLS_PRIVATE_EXTERN = NO;
				GCC_WARN_ABOUT_RETURN_TYPE = YES;
				GCC_WARN_UNINITIALIZED_AUTOS = YES;
				GCC_WARN_UNUSED_VARIABLE = YES;
				IPHONEOS_DEPLOYMENT_TARGET = 6.0;
				ONLY_ACTIVE_ARCH = YES;
				SDKROOT = iphoneos;
				TARGETED_DEVICE_FAMILY = 2;
			};
			name = Debug;
		};
		5E8A5A7D1771348F0053C707 /* Release */ = {
			isa = XCBuildConfiguration;
			buildSettings = {
				ALWAYS_SEARCH_USER_PATHS = NO;
				CLANG_CXX_LANGUAGE_STANDARD = "gnu++0x";
				CLANG_CXX_LIBRARY = "libc++";
				CLANG_WARN_EMPTY_BODY = YES;
				CLANG_WARN__DUPLICATE_METHOD_MATCH = YES;
				"CODE_SIGN_IDENTITY[sdk=iphoneos*]" = "iPhone Developer";
				COPY_PHASE_STRIP = YES;
				GCC_C_LANGUAGE_STANDARD = gnu99;
				GCC_WARN_ABOUT_RETURN_TYPE = YES;
				GCC_WARN_UNINITIALIZED_AUTOS = YES;
				GCC_WARN_UNUSED_VARIABLE = YES;
				IPHONEOS_DEPLOYMENT_TARGET = 6.0;
				OTHER_CFLAGS = "-DNS_BLOCK_ASSERTIONS=1";
				SDKROOT = iphoneos;
				TARGETED_DEVICE_FAMILY = 2;
				VALIDATE_PRODUCT = YES;
			};
			name = Release;
		};
		5E8A5A7F1771348F0053C707 /* Debug */ = {
			isa = XCBuildConfiguration;
			buildSettings = {
				GCC_PRECOMPILE_PREFIX_HEADER = YES;
				GCC_PREFIX_HEADER = "exercise201130619/exercise201130619-Prefix.pch";
				INFOPLIST_FILE = "exercise201130619/exercise201130619-Info.plist";
				PRODUCT_NAME = "$(TARGET_NAME)";
				WRAPPER_EXTENSION = app;
			};
			name = Debug;
		};
		5E8A5A801771348F0053C707 /* Release */ = {
			isa = XCBuildConfiguration;
			buildSettings = {
				GCC_PRECOMPILE_PREFIX_HEADER = YES;
				GCC_PREFIX_HEADER = "exercise201130619/exercise201130619-Prefix.pch";
				INFOPLIST_FILE = "exercise201130619/exercise201130619-Info.plist";
				PRODUCT_NAME = "$(TARGET_NAME)";
				WRAPPER_EXTENSION = app;
			};
			name = Release;
		};
/* End XCBuildConfiguration section */

/* Begin XCConfigurationList section */
		5E8A5A541771348F0053C707 /* Build configuration list for PBXProject "exercise201130619" */ = {
			isa = XCConfigurationList;
			buildConfigurations = (
				5E8A5A7C1771348F0053C707 /* Debug */,
				5E8A5A7D1771348F0053C707 /* Release */,
			);
			defaultConfigurationIsVisible = 0;
			defaultConfigurationName = Release;
		};
		5E8A5A7E1771348F0053C707 /* Build configuration list for PBXNativeTarget "exercise201130619" */ = {
			isa = XCConfigurationList;
			buildConfigurations = (
				5E8A5A7F1771348F0053C707 /* Debug */,
				5E8A5A801771348F0053C707 /* Release */,
			);
			defaultConfigurationIsVisible = 0;
			defaultConfigurationName = Release;
		};
/* End XCConfigurationList section */
	};
	rootObject = 5E8A5A511771348F0053C707 /* Project object */;
}
